
Microsoft Visual Studio Solution File, Format Version 12.00
# Visual Studio Version 17
VisualStudioVersion = 17.2.32630.192
MinimumVisualStudioVersion = 10.0.40219.1
Project("{FAE04EC0-301F-11D3-BF4B-00C04F79EFBC}") = "MovieClub.Web", "MovieClub.Web\MovieClub.Web.csproj", "{1323EACA-B941-40D6-B967-0D4C9C38E162}"
EndProject
Project("{FAE04EC0-301F-11D3-BF4B-00C04F79EFBC}") = "MovieClub.Domain", "MovieClub.Domain\MovieClub.Domain.csproj", "{4C67CEBE-A673-4999-A51C-A1E24DC7F123}"
EndProject
Project("{FAE04EC0-301F-11D3-BF4B-00C04F79EFBC}") = "MovieClub.Infrastructure", "MovieClub.Infrastructure\MovieClub.Infrastructure.csproj", "{CED509FF-655E-4C86-93DA-95AABEB205A1}"
EndProject
Global
	GlobalSection(SolutionConfigurationPlatforms) = preSolution
		Debug|Any CPU = Debug|Any CPU
		Release|Any CPU = Release|Any CPU
	EndGlobalSection
	GlobalSection(ProjectConfigurationPlatforms) = postSolution
		{1323EACA-B941-40D6-B967-0D4C9C38E162}.Debug|Any CPU.ActiveCfg = Debug|Any CPU
		{1323EACA-B941-40D6-B967-0D4C9C38E162}.Debug|Any CPU.Build.0 = Debug|Any CPU
		{1323EACA-B941-40D6-B967-0D4C9C38E162}.Release|Any CPU.ActiveCfg = Release|Any CPU
		{1323EACA-B941-40D6-B967-0D4C9C38E162}.Release|Any CPU.Build.0 = Release|Any CPU
		{4C67CEBE-A673-4999-A51C-A1E24DC7F123}.Debug|Any CPU.ActiveCfg = Debug|Any CPU
		{4C67CEBE-A673-4999-A51C-A1E24DC7F123}.Debug|Any CPU.Build.0 = Debug|Any CPU
		{4C67CEBE-A673-4999-A51C-A1E24DC7F123}.Release|Any CPU.ActiveCfg = Release|Any CPU
		{4C67CEBE-A673-4999-A51C-A1E24DC7F123}.Release|Any CPU.Build.0 = Release|Any CPU
		{CED509FF-655E-4C86-93DA-95AABEB205A1}.Debug|Any CPU.ActiveCfg = Debug|Any CPU
		{CED509FF-655E-4C86-93DA-95AABEB205A1}.Debug|Any CPU.Build.0 = Debug|Any CPU
		{CED509FF-655E-4C86-93DA-95AABEB205A1}.Release|Any CPU.ActiveCfg = Release|Any CPU
		{CED509FF-655E-4C86-93DA-95AABEB205A1}.Release|Any CPU.Build.0 = Release|Any CPU
	EndGlobalSection
	GlobalSection(SolutionProperties) = preSolution
		HideSolutionNode = FALSE
	EndGlobalSection
	GlobalSection(ExtensibilityGlobals) = postSolution
		SolutionGuid = {0A5B5E6B-BAE0-43A3-84B0-FF0926EA3FDC}
	EndGlobalSection
EndGlobal
